{
  "name": "0-plugins",
  "version": "1.0.0",
  "lockfileVersion": 1,
  "requires": true,
  "dependencies": {
    "bootstrap": {
      "version": "4.1.3",
      "resolved": "https://registry.npmjs.org/bootstrap/-/bootstrap-4.1.3.tgz",
      "integrity": "sha512-rDFIzgXcof0jDyjNosjv4Sno77X4KuPeFxG2XZZv1/Kc8DRVGVADdoQyyOVDwPqL36DDmtCQbrpMCqvpPLJQ0w=="
    },
    "bourbon": {
      "version": "5.0.0",
      "resolved": "https://registry.npmjs.org/bourbon/-/bourbon-5.0.0.tgz",
      "integrity": "sha512-1BOgwfr0dvAqdL3mj0HZbuYJjt/Ilz6fLhSz55kIo9zYTYsQDg4AzrpwepWJoVLY3tKKYV5Z/0dKHEUz3ecXAg=="
    }
  }
}
