{
  "name": "0-plugins",
  "version": "1.0.0",
  "lockfileVersion": 1,
  "requires": true,
  "dependencies": {
    "bootstrap": {
      "version": "4.3.1",
      "resolved": "https://registry.npmjs.org/bootstrap/-/bootstrap-4.3.1.tgz",
      "integrity": "sha512-rXqOmH1VilAt2DyPzluTi2blhk17bO7ef+zLLPlWvG494pDxcM234pJ8wTc/6R40UWizAIIMgxjvxZg5kmsbag=="
    },
    "bourbon": {
      "version": "5.0.0",
      "resolved": "https://registry.npmjs.org/bourbon/-/bourbon-5.0.0.tgz",
      "integrity": "sha512-1BOgwfr0dvAqdL3mj0HZbuYJjt/Ilz6fLhSz55kIo9zYTYsQDg4AzrpwepWJoVLY3tKKYV5Z/0dKHEUz3ecXAg=="
    }
  }
}
